
Microsoft Visual Studio Solution File, Format Version 12.00
# Visual Studio 15
VisualStudioVersion = 15.0.28307.271
MinimumVisualStudioVersion = 10.0.40219.1
Project("{FAE04EC0-301F-11D3-BF4B-00C04F79EFBC}") = "Quiz3", "Quiz3\Quiz3.csproj", "{5738A6AD-EBE5-47EE-9CC5-DDCF2B91451B}"
EndProject
Global
	GlobalSection(SolutionConfigurationPlatforms) = preSolution
		Debug|Any CPU = Debug|Any CPU
		Release|Any CPU = Release|Any CPU
	EndGlobalSection
	GlobalSection(ProjectConfigurationPlatforms) = postSolution
		{5738A6AD-EBE5-47EE-9CC5-DDCF2B91451B}.Debug|Any CPU.ActiveCfg = Debug|Any CPU
		{5738A6AD-EBE5-47EE-9CC5-DDCF2B91451B}.Debug|Any CPU.Build.0 = Debug|Any CPU
		{5738A6AD-EBE5-47EE-9CC5-DDCF2B91451B}.Release|Any CPU.ActiveCfg = Release|Any CPU
		{5738A6AD-EBE5-47EE-9CC5-DDCF2B91451B}.Release|Any CPU.Build.0 = Release|Any CPU
	EndGlobalSection
	GlobalSection(SolutionProperties) = preSolution
		HideSolutionNode = FALSE
	EndGlobalSection
	GlobalSection(ExtensibilityGlobals) = postSolution
		SolutionGuid = {17013418-27AF-447D-A4FB-FEB6DBBBAA5E}
	EndGlobalSection
EndGlobal
